
Microsoft Visual Studio Solution File, Format Version 12.00
# Visual Studio Version 17
VisualStudioVersion = 17.5.002.0
MinimumVisualStudioVersion = 10.0.40219.1
Project("{9A19103F-16F7-4668-BE54-9A1E7A4F7556}") = "WindowsService1", "WindowsService1.csproj", "{A64B2FB4-E869-4679-A13A-0134C88EBD8F}"
EndProject
Global
	GlobalSection(SolutionConfigurationPlatforms) = preSolution
		Debug|Any CPU = Debug|Any CPU
		Release|Any CPU = Release|Any CPU
	EndGlobalSection
	GlobalSection(ProjectConfigurationPlatforms) = postSolution
		{A64B2FB4-E869-4679-A13A-0134C88EBD8F}.Debug|Any CPU.ActiveCfg = Debug|Any CPU
		{A64B2FB4-E869-4679-A13A-0134C88EBD8F}.Debug|Any CPU.Build.0 = Debug|Any CPU
		{A64B2FB4-E869-4679-A13A-0134C88EBD8F}.Release|Any CPU.ActiveCfg = Release|Any CPU
		{A64B2FB4-E869-4679-A13A-0134C88EBD8F}.Release|Any CPU.Build.0 = Release|Any CPU
	EndGlobalSection
	GlobalSection(SolutionProperties) = preSolution
		HideSolutionNode = FALSE
	EndGlobalSection
	GlobalSection(ExtensibilityGlobals) = postSolution
		SolutionGuid = {4E0C194F-D007-41D7-9DB2-C60470F1D579}
	EndGlobalSection
EndGlobal
